// !$*UTF8*$!
{
	archiveVersion = 1;
	classes = {
	};
	objectVersion = 46;
	objects = {

/* Begin PBXBuildFile section */
		9E4E43051BC11A40006FB05E /* main.m in Sources */ = {isa = PBXBuildFile; fileRef = 9E4E43041BC11A40006FB05E /* main.m */; };
		9E4E43081BC11A40006FB05E /* AppDelegate.m in Sources */ = {isa = PBXBuildFile; fileRef = 9E4E43071BC11A40006FB05E /* AppDelegate.m */; };
		9E4E430E1BC11A40006FB05E /* Main.storyboard in Resources */ = {isa = PBXBuildFile; fileRef = 9E4E430C1BC11A40006FB05E /* Main.storyboard */; };
		9E4E43101BC11A40006FB05E /* Images.xcassets in Resources */ = {isa = PBXBuildFile; fileRef = 9E4E430F1BC11A40006FB05E /* Images.xcassets */; };
		9E4E43131BC11A40006FB05E /* LaunchScreen.xib in Resources */ = {isa = PBXBuildFile; fileRef = 9E4E43111BC11A40006FB05E /* LaunchScreen.xib */; };
		9E4E431F1BC11A40006FB05E /* DanjiTests.m in Sources */ = {isa = PBXBuildFile; fileRef = 9E4E431E1BC11A40006FB05E /* DanjiTests.m */; };
		9E4E43331BC1763C006FB05E /* DJHomeViewController.m in Sources */ = {isa = PBXBuildFile; fileRef = 9E4E43321BC1763C006FB05E /* DJHomeViewController.m */; };
		9E4E43361BC1764B006FB05E /* DJSearchViewController.m in Sources */ = {isa = PBXBuildFile; fileRef = 9E4E43351BC1764B006FB05E /* DJSearchViewController.m */; };
		9E4E43481BC2794C006FB05E /* danji.png in Resources */ = {isa = PBXBuildFile; fileRef = 9E4E43461BC2794B006FB05E /* danji.png */; };
		9E96149C1BCB9C0900D14B1E /* DJWriteViewController.m in Sources */ = {isa = PBXBuildFile; fileRef = 9E96149B1BCB9C0900D14B1E /* DJWriteViewController.m */; };
		9E96149F1BCBA9CD00D14B1E /* DJSignupViewController.m in Sources */ = {isa = PBXBuildFile; fileRef = 9E96149E1BCBA9CD00D14B1E /* DJSignupViewController.m */; };
		9EE150601BCDEFAF0034258E /* DJContents.m in Sources */ = {isa = PBXBuildFile; fileRef = 9EE1505F1BCDEFAF0034258E /* DJContents.m */; };
		9EE150631BCDFF660034258E /* Danji.m in Sources */ = {isa = PBXBuildFile; fileRef = 9EE150621BCDFF660034258E /* Danji.m */; };
		9EE150661BCE02540034258E /* DJContentsViewCell.m in Sources */ = {isa = PBXBuildFile; fileRef = 9EE150651BCE02540034258E /* DJContentsViewCell.m */; };
		9EE1506B1BCF78EF0034258E /* DJContentsManager.m in Sources */ = {isa = PBXBuildFile; fileRef = 9EE1506A1BCF78EF0034258E /* DJContentsManager.m */; };
		9EE150741BD3F73C0034258E /* DJSearchDetailViewController.m in Sources */ = {isa = PBXBuildFile; fileRef = 9EE150731BD3F73C0034258E /* DJSearchDetailViewController.m */; };
		9EE150861BD498EC0034258E /* DJPopularContentsCell.m in Sources */ = {isa = PBXBuildFile; fileRef = 9EE150851BD498EC0034258E /* DJPopularContentsCell.m */; };
		9EE1508A1BD62A9D0034258E /* DJSearchResultsController.m in Sources */ = {isa = PBXBuildFile; fileRef = 9EE150891BD62A9D0034258E /* DJSearchResultsController.m */; };
		9EE150901BD639A40034258E /* DJSearchResultsCell.m in Sources */ = {isa = PBXBuildFile; fileRef = 9EE1508F1BD639A40034258E /* DJSearchResultsCell.m */; };
		9EE150961BD885030034258E /* DJDialogWriteController.m in Sources */ = {isa = PBXBuildFile; fileRef = 9EE150951BD885030034258E /* DJDialogWriteController.m */; };
		9EE150991BD8868C0034258E /* DJParagraphWriteController.m in Sources */ = {isa = PBXBuildFile; fileRef = 9EE150981BD8868C0034258E /* DJParagraphWriteController.m */; };
		9EE1509C1BD88A110034258E /* DJDialogInputCell.m in Sources */ = {isa = PBXBuildFile; fileRef = 9EE1509B1BD88A110034258E /* DJDialogInputCell.m */; };
		9EE150A31BDF11560034258E /* DJAlbumPickerController.m in Sources */ = {isa = PBXBuildFile; fileRef = 9EE150A21BDF11560034258E /* DJAlbumPickerController.m */; };
		9EE150A71BDF121B0034258E /* DJAsset.m in Sources */ = {isa = PBXBuildFile; fileRef = 9EE150A61BDF121B0034258E /* DJAsset.m */; };
		9EE150AE1BE4B2B60034258E /* DJAssetPicker.m in Sources */ = {isa = PBXBuildFile; fileRef = 9EE150AD1BE4B2B60034258E /* DJAssetPicker.m */; };
		9EE150B11BE5B6190034258E /* DJAssetCell.m in Sources */ = {isa = PBXBuildFile; fileRef = 9EE150B01BE5B6190034258E /* DJAssetCell.m */; };
		9EE150B51BE6798C0034258E /* DJImagePickerController.m in Sources */ = {isa = PBXBuildFile; fileRef = 9EE150B41BE6798C0034258E /* DJImagePickerController.m */; };
		9EE2B26C1BC5063F003B929E /* Bolts.framework in Frameworks */ = {isa = PBXBuildFile; fileRef = 9EE2B26B1BC5063F003B929E /* Bolts.framework */; };
		9EE2B26E1BC5064F003B929E /* Parse.framework in Frameworks */ = {isa = PBXBuildFile; fileRef = 9EE2B26D1BC5064F003B929E /* Parse.framework */; };
		9EE2B2701BC50754003B929E /* AudioToolbox.framework in Frameworks */ = {isa = PBXBuildFile; fileRef = 9EE2B26F1BC50754003B929E /* AudioToolbox.framework */; };
		9EE2B2721BC50770003B929E /* CFNetwork.framework in Frameworks */ = {isa = PBXBuildFile; fileRef = 9EE2B2711BC50770003B929E /* CFNetwork.framework */; };
		9EE2B2741BC50781003B929E /* CoreGraphics.framework in Frameworks */ = {isa = PBXBuildFile; fileRef = 9EE2B2731BC50781003B929E /* CoreGraphics.framework */; };
		9EE2B2761BC50789003B929E /* CoreLocation.framework in Frameworks */ = {isa = PBXBuildFile; fileRef = 9EE2B2751BC50789003B929E /* CoreLocation.framework */; };
		9EE2B2781BC50796003B929E /* QuartzCore.framework in Frameworks */ = {isa = PBXBuildFile; fileRef = 9EE2B2771BC50796003B929E /* QuartzCore.framework */; };
		9EE2B27A1BC507A2003B929E /* Security.framework in Frameworks */ = {isa = PBXBuildFile; fileRef = 9EE2B2791BC507A2003B929E /* Security.framework */; };
		9EE2B27C1BC507AD003B929E /* StoreKit.framework in Frameworks */ = {isa = PBXBuildFile; fileRef = 9EE2B27B1BC507AD003B929E /* StoreKit.framework */; };
		9EE2B27E1BC507BC003B929E /* SystemConfiguration.framework in Frameworks */ = {isa = PBXBuildFile; fileRef = 9EE2B27D1BC507BC003B929E /* SystemConfiguration.framework */; };
		9EE2B2801BC507CC003B929E /* libz.dylib in Frameworks */ = {isa = PBXBuildFile; fileRef = 9EE2B27F1BC507CC003B929E /* libz.dylib */; };
		9EE2B2821BC50817003B929E /* libsqlite3.dylib in Frameworks */ = {isa = PBXBuildFile; fileRef = 9EE2B2811BC50817003B929E /* libsqlite3.dylib */; };
		9EE2B2871BC51E73003B929E /* launch.png in Resources */ = {isa = PBXBuildFile; fileRef = 9EE2B2861BC51E73003B929E /* launch.png */; };
		9EE2B28C1BCB4CD4003B929E /* DJLoginViewController.m in Sources */ = {isa = PBXBuildFile; fileRef = 9EE2B28B1BCB4CD4003B929E /* DJLoginViewController.m */; };
/* End PBXBuildFile section */

/* Begin PBXContainerItemProxy section */
		9E4E43191BC11A40006FB05E /* PBXContainerItemProxy */ = {
			isa = PBXContainerItemProxy;
			containerPortal = 9E4E42F71BC11A40006FB05E /* Project object */;
			proxyType = 1;
			remoteGlobalIDString = 9E4E42FE1BC11A40006FB05E;
			remoteInfo = Danji;
		};
/* End PBXContainerItemProxy section */

/* Begin PBXFileReference section */
		9E4E42FF1BC11A40006FB05E /* Danji.app */ = {isa = PBXFileReference; explicitFileType = wrapper.application; includeInIndex = 0; path = Danji.app; sourceTree = BUILT_PRODUCTS_DIR; };
		9E4E43031BC11A40006FB05E /* Info.plist */ = {isa = PBXFileReference; lastKnownFileType = text.plist.xml; path = Info.plist; sourceTree = "<group>"; };
		9E4E43041BC11A40006FB05E /* main.m */ = {isa = PBXFileReference; lastKnownFileType = sourcecode.c.objc; path = main.m; sourceTree = "<group>"; };
		9E4E43061BC11A40006FB05E /* AppDelegate.h */ = {isa = PBXFileReference; lastKnownFileType = sourcecode.c.h; path = AppDelegate.h; sourceTree = "<group>"; };
		9E4E43071BC11A40006FB05E /* AppDelegate.m */ = {isa = PBXFileReference; lastKnownFileType = sourcecode.c.objc; path = AppDelegate.m; sourceTree = "<group>"; };
		9E4E430D1BC11A40006FB05E /* Base */ = {isa = PBXFileReference; lastKnownFileType = file.storyboard; name = Base; path = Base.lproj/Main.storyboard; sourceTree = "<group>"; };
		9E4E430F1BC11A40006FB05E /* Images.xcassets */ = {isa = PBXFileReference; lastKnownFileType = folder.assetcatalog; path = Images.xcassets; sourceTree = "<group>"; };
		9E4E43121BC11A40006FB05E /* Base */ = {isa = PBXFileReference; lastKnownFileType = file.xib; name = Base; path = Base.lproj/LaunchScreen.xib; sourceTree = "<group>"; };
		9E4E43181BC11A40006FB05E /* DanjiTests.xctest */ = {isa = PBXFileReference; explicitFileType = wrapper.cfbundle; includeInIndex = 0; path = DanjiTests.xctest; sourceTree = BUILT_PRODUCTS_DIR; };
		9E4E431D1BC11A40006FB05E /* Info.plist */ = {isa = PBXFileReference; lastKnownFileType = text.plist.xml; path = Info.plist; sourceTree = "<group>"; };
		9E4E431E1BC11A40006FB05E /* DanjiTests.m */ = {isa = PBXFileReference; lastKnownFileType = sourcecode.c.objc; path = DanjiTests.m; sourceTree = "<group>"; };
		9E4E43311BC1763C006FB05E /* DJHomeViewController.h */ = {isa = PBXFileReference; fileEncoding = 4; lastKnownFileType = sourcecode.c.h; path = DJHomeViewController.h; sourceTree = "<group>"; };
		9E4E43321BC1763C006FB05E /* DJHomeViewController.m */ = {isa = PBXFileReference; fileEncoding = 4; lastKnownFileType = sourcecode.c.objc; path = DJHomeViewController.m; sourceTree = "<group>"; };
		9E4E43341BC1764B006FB05E /* DJSearchViewController.h */ = {isa = PBXFileReference; fileEncoding = 4; lastKnownFileType = sourcecode.c.h; path = DJSearchViewController.h; sourceTree = "<group>"; };
		9E4E43351BC1764B006FB05E /* DJSearchViewController.m */ = {isa = PBXFileReference; fileEncoding = 4; lastKnownFileType = sourcecode.c.objc; path = DJSearchViewController.m; sourceTree = "<group>"; };
		9E4E43461BC2794B006FB05E /* danji.png */ = {isa = PBXFileReference; lastKnownFileType = image.png; path = danji.png; sourceTree = "<group>"; };
		9E4E434A1BC3AF0C006FB05E /* DJLoginViewController.h */ = {isa = PBXFileReference; fileEncoding = 4; lastKnownFileType = sourcecode.c.h; path = DJLoginViewController.h; sourceTree = "<group>"; };
		9E96149A1BCB9C0900D14B1E /* DJWriteViewController.h */ = {isa = PBXFileReference; fileEncoding = 4; lastKnownFileType = sourcecode.c.h; path = DJWriteViewController.h; sourceTree = "<group>"; };
		9E96149B1BCB9C0900D14B1E /* DJWriteViewController.m */ = {isa = PBXFileReference; fileEncoding = 4; lastKnownFileType = sourcecode.c.objc; path = DJWriteViewController.m; sourceTree = "<group>"; };
		9E96149D1BCBA9CD00D14B1E /* DJSignupViewController.h */ = {isa = PBXFileReference; fileEncoding = 4; lastKnownFileType = sourcecode.c.h; path = DJSignupViewController.h; sourceTree = "<group>"; };
		9E96149E1BCBA9CD00D14B1E /* DJSignupViewController.m */ = {isa = PBXFileReference; fileEncoding = 4; lastKnownFileType = sourcecode.c.objc; path = DJSignupViewController.m; sourceTree = "<group>"; };
		9EE1505E1BCDEFAF0034258E /* DJContents.h */ = {isa = PBXFileReference; fileEncoding = 4; lastKnownFileType = sourcecode.c.h; path = DJContents.h; sourceTree = "<group>"; };
		9EE1505F1BCDEFAF0034258E /* DJContents.m */ = {isa = PBXFileReference; fileEncoding = 4; lastKnownFileType = sourcecode.c.objc; path = DJContents.m; sourceTree = "<group>"; };
		9EE150611BCDFF660034258E /* Danji.h */ = {isa = PBXFileReference; fileEncoding = 4; lastKnownFileType = sourcecode.c.h; path = Danji.h; sourceTree = "<group>"; };
		9EE150621BCDFF660034258E /* Danji.m */ = {isa = PBXFileReference; fileEncoding = 4; lastKnownFileType = sourcecode.c.objc; path = Danji.m; sourceTree = "<group>"; };
		9EE150641BCE02540034258E /* DJContentsViewCell.h */ = {isa = PBXFileReference; fileEncoding = 4; lastKnownFileType = sourcecode.c.h; path = DJContentsViewCell.h; sourceTree = "<group>"; };
		9EE150651BCE02540034258E /* DJContentsViewCell.m */ = {isa = PBXFileReference; fileEncoding = 4; lastKnownFileType = sourcecode.c.objc; path = DJContentsViewCell.m; sourceTree = "<group>"; };
		9EE150691BCF78EF0034258E /* DJContentsManager.h */ = {isa = PBXFileReference; fileEncoding = 4; lastKnownFileType = sourcecode.c.h; path = DJContentsManager.h; sourceTree = "<group>"; };
		9EE1506A1BCF78EF0034258E /* DJContentsManager.m */ = {isa = PBXFileReference; fileEncoding = 4; lastKnownFileType = sourcecode.c.objc; path = DJContentsManager.m; sourceTree = "<group>"; };
		9EE150721BD3F73C0034258E /* DJSearchDetailViewController.h */ = {isa = PBXFileReference; fileEncoding = 4; lastKnownFileType = sourcecode.c.h; path = DJSearchDetailViewController.h; sourceTree = "<group>"; };
		9EE150731BD3F73C0034258E /* DJSearchDetailViewController.m */ = {isa = PBXFileReference; fileEncoding = 4; lastKnownFileType = sourcecode.c.objc; path = DJSearchDetailViewController.m; sourceTree = "<group>"; };
		9EE150841BD498EC0034258E /* DJPopularContentsCell.h */ = {isa = PBXFileReference; fileEncoding = 4; lastKnownFileType = sourcecode.c.h; path = DJPopularContentsCell.h; sourceTree = "<group>"; };
		9EE150851BD498EC0034258E /* DJPopularContentsCell.m */ = {isa = PBXFileReference; fileEncoding = 4; lastKnownFileType = sourcecode.c.objc; path = DJPopularContentsCell.m; sourceTree = "<group>"; };
		9EE150881BD62A9D0034258E /* DJSearchResultsController.h */ = {isa = PBXFileReference; fileEncoding = 4; lastKnownFileType = sourcecode.c.h; path = DJSearchResultsController.h; sourceTree = "<group>"; };
		9EE150891BD62A9D0034258E /* DJSearchResultsController.m */ = {isa = PBXFileReference; fileEncoding = 4; lastKnownFileType = sourcecode.c.objc; path = DJSearchResultsController.m; sourceTree = "<group>"; };
		9EE1508E1BD639A40034258E /* DJSearchResultsCell.h */ = {isa = PBXFileReference; fileEncoding = 4; lastKnownFileType = sourcecode.c.h; path = DJSearchResultsCell.h; sourceTree = "<group>"; };
		9EE1508F1BD639A40034258E /* DJSearchResultsCell.m */ = {isa = PBXFileReference; fileEncoding = 4; lastKnownFileType = sourcecode.c.objc; path = DJSearchResultsCell.m; sourceTree = "<group>"; };
		9EE150941BD885030034258E /* DJDialogWriteController.h */ = {isa = PBXFileReference; fileEncoding = 4; lastKnownFileType = sourcecode.c.h; path = DJDialogWriteController.h; sourceTree = "<group>"; };
		9EE150951BD885030034258E /* DJDialogWriteController.m */ = {isa = PBXFileReference; fileEncoding = 4; lastKnownFileType = sourcecode.c.objc; path = DJDialogWriteController.m; sourceTree = "<group>"; };
		9EE150971BD8868C0034258E /* DJParagraphWriteController.h */ = {isa = PBXFileReference; fileEncoding = 4; lastKnownFileType = sourcecode.c.h; path = DJParagraphWriteController.h; sourceTree = "<group>"; };
		9EE150981BD8868C0034258E /* DJParagraphWriteController.m */ = {isa = PBXFileReference; fileEncoding = 4; lastKnownFileType = sourcecode.c.objc; path = DJParagraphWriteController.m; sourceTree = "<group>"; };
		9EE1509A1BD88A110034258E /* DJDialogInputCell.h */ = {isa = PBXFileReference; fileEncoding = 4; lastKnownFileType = sourcecode.c.h; path = DJDialogInputCell.h; sourceTree = "<group>"; };
		9EE1509B1BD88A110034258E /* DJDialogInputCell.m */ = {isa = PBXFileReference; fileEncoding = 4; lastKnownFileType = sourcecode.c.objc; path = DJDialogInputCell.m; sourceTree = "<group>"; };
		9EE150A11BDF11560034258E /* DJAlbumPickerController.h */ = {isa = PBXFileReference; fileEncoding = 4; lastKnownFileType = sourcecode.c.h; path = DJAlbumPickerController.h; sourceTree = "<group>"; };
		9EE150A21BDF11560034258E /* DJAlbumPickerController.m */ = {isa = PBXFileReference; fileEncoding = 4; lastKnownFileType = sourcecode.c.objc; path = DJAlbumPickerController.m; sourceTree = "<group>"; };
		9EE150A51BDF121B0034258E /* DJAsset.h */ = {isa = PBXFileReference; fileEncoding = 4; lastKnownFileType = sourcecode.c.h; path = DJAsset.h; sourceTree = "<group>"; };
		9EE150A61BDF121B0034258E /* DJAsset.m */ = {isa = PBXFileReference; fileEncoding = 4; lastKnownFileType = sourcecode.c.objc; path = DJAsset.m; sourceTree = "<group>"; };
		9EE150A81BDF14510034258E /* DJAssetSelectionDelegate.h */ = {isa = PBXFileReference; lastKnownFileType = sourcecode.c.h; path = DJAssetSelectionDelegate.h; sourceTree = "<group>"; };
		9EE150AC1BE4B2B60034258E /* DJAssetPicker.h */ = {isa = PBXFileReference; fileEncoding = 4; lastKnownFileType = sourcecode.c.h; path = DJAssetPicker.h; sourceTree = "<group>"; };
		9EE150AD1BE4B2B60034258E /* DJAssetPicker.m */ = {isa = PBXFileReference; fileEncoding = 4; lastKnownFileType = sourcecode.c.objc; path = DJAssetPicker.m; sourceTree = "<group>"; };
		9EE150AF1BE5B6190034258E /* DJAssetCell.h */ = {isa = PBXFileReference; fileEncoding = 4; lastKnownFileType = sourcecode.c.h; path = DJAssetCell.h; sourceTree = "<group>"; };
		9EE150B01BE5B6190034258E /* DJAssetCell.m */ = {isa = PBXFileReference; fileEncoding = 4; lastKnownFileType = sourcecode.c.objc; path = DJAssetCell.m; sourceTree = "<group>"; };
		9EE150B31BE6798C0034258E /* DJImagePickerController.h */ = {isa = PBXFileReference; fileEncoding = 4; lastKnownFileType = sourcecode.c.h; path = DJImagePickerController.h; sourceTree = "<group>"; };
		9EE150B41BE6798C0034258E /* DJImagePickerController.m */ = {isa = PBXFileReference; fileEncoding = 4; lastKnownFileType = sourcecode.c.objc; path = DJImagePickerController.m; sourceTree = "<group>"; };
		9EE2B26B1BC5063F003B929E /* Bolts.framework */ = {isa = PBXFileReference; lastKnownFileType = wrapper.framework; path = Bolts.framework; sourceTree = "<group>"; };
		9EE2B26D1BC5064F003B929E /* Parse.framework */ = {isa = PBXFileReference; lastKnownFileType = wrapper.framework; path = Parse.framework; sourceTree = "<group>"; };
		9EE2B26F1BC50754003B929E /* AudioToolbox.framework */ = {isa = PBXFileReference; lastKnownFileType = wrapper.framework; name = AudioToolbox.framework; path = System/Library/Frameworks/AudioToolbox.framework; sourceTree = SDKROOT; };
		9EE2B2711BC50770003B929E /* CFNetwork.framework */ = {isa = PBXFileReference; lastKnownFileType = wrapper.framework; name = CFNetwork.framework; path = System/Library/Frameworks/CFNetwork.framework; sourceTree = SDKROOT; };
		9EE2B2731BC50781003B929E /* CoreGraphics.framework */ = {isa = PBXFileReference; lastKnownFileType = wrapper.framework; name = CoreGraphics.framework; path = System/Library/Frameworks/CoreGraphics.framework; sourceTree = SDKROOT; };
		9EE2B2751BC50789003B929E /* CoreLocation.framework */ = {isa = PBXFileReference; lastKnownFileType = wrapper.framework; name = CoreLocation.framework; path = System/Library/Frameworks/CoreLocation.framework; sourceTree = SDKROOT; };
		9EE2B2771BC50796003B929E /* QuartzCore.framework */ = {isa = PBXFileReference; lastKnownFileType = wrapper.framework; name = QuartzCore.framework; path = System/Library/Frameworks/QuartzCore.framework; sourceTree = SDKROOT; };
		9EE2B2791BC507A2003B929E /* Security.framework */ = {isa = PBXFileReference; lastKnownFileType = wrapper.framework; name = Security.framework; path = System/Library/Frameworks/Security.framework; sourceTree = SDKROOT; };
		9EE2B27B1BC507AD003B929E /* StoreKit.framework */ = {isa = PBXFileReference; lastKnownFileType = wrapper.framework; name = StoreKit.framework; path = System/Library/Frameworks/StoreKit.framework; sourceTree = SDKROOT; };
		9EE2B27D1BC507BC003B929E /* SystemConfiguration.framework */ = {isa = PBXFileReference; lastKnownFileType = wrapper.framework; name = SystemConfiguration.framework; path = System/Library/Frameworks/SystemConfiguration.framework; sourceTree = SDKROOT; };
		9EE2B27F1BC507CC003B929E /* libz.dylib */ = {isa = PBXFileReference; lastKnownFileType = "compiled.mach-o.dylib"; name = libz.dylib; path = usr/lib/libz.dylib; sourceTree = SDKROOT; };
		9EE2B2811BC50817003B929E /* libsqlite3.dylib */ = {isa = PBXFileReference; lastKnownFileType = "compiled.mach-o.dylib"; name = libsqlite3.dylib; path = usr/lib/libsqlite3.dylib; sourceTree = SDKROOT; };
		9EE2B2861BC51E73003B929E /* launch.png */ = {isa = PBXFileReference; lastKnownFileType = image.png; path = launch.png; sourceTree = "<group>"; };
		9EE2B28B1BCB4CD4003B929E /* DJLoginViewController.m */ = {isa = PBXFileReference; fileEncoding = 4; lastKnownFileType = sourcecode.c.objc; path = DJLoginViewController.m; sourceTree = "<group>"; };
/* End PBXFileReference section */

/* Begin PBXFrameworksBuildPhase section */
		9E4E42FC1BC11A40006FB05E /* Frameworks */ = {
			isa = PBXFrameworksBuildPhase;
			buildActionMask = 2147483647;
			files = (
				9EE2B2821BC50817003B929E /* libsqlite3.dylib in Frameworks */,
				9EE2B2801BC507CC003B929E /* libz.dylib in Frameworks */,
				9EE2B27E1BC507BC003B929E /* SystemConfiguration.framework in Frameworks */,
				9EE2B27C1BC507AD003B929E /* StoreKit.framework in Frameworks */,
				9EE2B27A1BC507A2003B929E /* Security.framework in Frameworks */,
				9EE2B2781BC50796003B929E /* QuartzCore.framework in Frameworks */,
				9EE2B2761BC50789003B929E /* CoreLocation.framework in Frameworks */,
				9EE2B2741BC50781003B929E /* CoreGraphics.framework in Frameworks */,
				9EE2B2721BC50770003B929E /* CFNetwork.framework in Frameworks */,
				9EE2B2701BC50754003B929E /* AudioToolbox.framework in Frameworks */,
				9EE2B26E1BC5064F003B929E /* Parse.framework in Frameworks */,
				9EE2B26C1BC5063F003B929E /* Bolts.framework in Frameworks */,
			);
			runOnlyForDeploymentPostprocessing = 0;
		};
		9E4E43151BC11A40006FB05E /* Frameworks */ = {
			isa = PBXFrameworksBuildPhase;
			buildActionMask = 2147483647;
			files = (
			);
			runOnlyForDeploymentPostprocessing = 0;
		};
/* End PBXFrameworksBuildPhase section */

/* Begin PBXGroup section */
		9E4E42F61BC11A40006FB05E = {
			isa = PBXGroup;
			children = (
				9EE2B2831BC509FE003B929E /* Frameworks */,
				9E4E43011BC11A40006FB05E /* Danji */,
				9E4E431B1BC11A40006FB05E /* DanjiTests */,
				9E4E43001BC11A40006FB05E /* Products */,
			);
			sourceTree = "<group>";
		};
		9E4E43001BC11A40006FB05E /* Products */ = {
			isa = PBXGroup;
			children = (
				9E4E42FF1BC11A40006FB05E /* Danji.app */,
				9E4E43181BC11A40006FB05E /* DanjiTests.xctest */,
			);
			name = Products;
			sourceTree = "<group>";
		};
		9E4E43011BC11A40006FB05E /* Danji */ = {
			isa = PBXGroup;
			children = (
				9E4E43061BC11A40006FB05E /* AppDelegate.h */,
				9E4E43071BC11A40006FB05E /* AppDelegate.m */,
				9E4E43451BC25920006FB05E /* Images */,
				9EDDD6C11BC3AF78002DB4B2 /* Login */,
				9EDDD6C21BC3AFBC002DB4B2 /* Main */,
				9EE150871BD62A480034258E /* Search */,
				9EE150B21BE675D10034258E /* ContentsModel */,
				9E9614991BCB9BCD00D14B1E /* Write */,
				9EE150A01BDF0A010034258E /* ImagePicker */,
				9E4E430C1BC11A40006FB05E /* Main.storyboard */,
				9E4E430F1BC11A40006FB05E /* Images.xcassets */,
				9E4E43111BC11A40006FB05E /* LaunchScreen.xib */,
				9E4E43021BC11A40006FB05E /* Supporting Files */,
			);
			path = Danji;
			sourceTree = "<group>";
		};
		9E4E43021BC11A40006FB05E /* Supporting Files */ = {
			isa = PBXGroup;
			children = (
				9E4E43031BC11A40006FB05E /* Info.plist */,
				9E4E43041BC11A40006FB05E /* main.m */,
			);
			name = "Supporting Files";
			sourceTree = "<group>";
		};
		9E4E431B1BC11A40006FB05E /* DanjiTests */ = {
			isa = PBXGroup;
			children = (
				9E4E431E1BC11A40006FB05E /* DanjiTests.m */,
				9E4E431C1BC11A40006FB05E /* Supporting Files */,
			);
			path = DanjiTests;
			sourceTree = "<group>";
		};
		9E4E431C1BC11A40006FB05E /* Supporting Files */ = {
			isa = PBXGroup;
			children = (
				9E4E431D1BC11A40006FB05E /* Info.plist */,
			);
			name = "Supporting Files";
			sourceTree = "<group>";
		};
		9E4E43451BC25920006FB05E /* Images */ = {
			isa = PBXGroup;
			children = (
				9EE2B2861BC51E73003B929E /* launch.png */,
				9E4E43461BC2794B006FB05E /* danji.png */,
			);
			name = Images;
			sourceTree = "<group>";
		};
		9E9614991BCB9BCD00D14B1E /* Write */ = {
			isa = PBXGroup;
			children = (
				9E96149A1BCB9C0900D14B1E /* DJWriteViewController.h */,
				9E96149B1BCB9C0900D14B1E /* DJWriteViewController.m */,
				9EE150941BD885030034258E /* DJDialogWriteController.h */,
				9EE150951BD885030034258E /* DJDialogWriteController.m */,
				9EE1509A1BD88A110034258E /* DJDialogInputCell.h */,
				9EE1509B1BD88A110034258E /* DJDialogInputCell.m */,
				9EE150971BD8868C0034258E /* DJParagraphWriteController.h */,
				9EE150981BD8868C0034258E /* DJParagraphWriteController.m */,
			);
			name = Write;
			sourceTree = "<group>";
		};
		9EDDD6C11BC3AF78002DB4B2 /* Login */ = {
			isa = PBXGroup;
			children = (
				9E4E434A1BC3AF0C006FB05E /* DJLoginViewController.h */,
				9EE2B28B1BCB4CD4003B929E /* DJLoginViewController.m */,
				9E96149D1BCBA9CD00D14B1E /* DJSignupViewController.h */,
				9E96149E1BCBA9CD00D14B1E /* DJSignupViewController.m */,
			);
			name = Login;
			sourceTree = "<group>";
		};
		9EDDD6C21BC3AFBC002DB4B2 /* Main */ = {
			isa = PBXGroup;
			children = (
				9E4E43311BC1763C006FB05E /* DJHomeViewController.h */,
				9E4E43321BC1763C006FB05E /* DJHomeViewController.m */,
				9EE150641BCE02540034258E /* DJContentsViewCell.h */,
				9EE150651BCE02540034258E /* DJContentsViewCell.m */,
			);
			name = Main;
			sourceTree = "<group>";
		};
		9EE150871BD62A480034258E /* Search */ = {
			isa = PBXGroup;
			children = (
				9E4E43341BC1764B006FB05E /* DJSearchViewController.h */,
				9E4E43351BC1764B006FB05E /* DJSearchViewController.m */,
				9EE150841BD498EC0034258E /* DJPopularContentsCell.h */,
				9EE150851BD498EC0034258E /* DJPopularContentsCell.m */,
				9EE150721BD3F73C0034258E /* DJSearchDetailViewController.h */,
				9EE150731BD3F73C0034258E /* DJSearchDetailViewController.m */,
				9EE150881BD62A9D0034258E /* DJSearchResultsController.h */,
				9EE150891BD62A9D0034258E /* DJSearchResultsController.m */,
				9EE1508E1BD639A40034258E /* DJSearchResultsCell.h */,
				9EE1508F1BD639A40034258E /* DJSearchResultsCell.m */,
			);
			name = Search;
			sourceTree = "<group>";
		};
		9EE150A01BDF0A010034258E /* ImagePicker */ = {
			isa = PBXGroup;
			children = (
				9EE150A11BDF11560034258E /* DJAlbumPickerController.h */,
				9EE150A21BDF11560034258E /* DJAlbumPickerController.m */,
				9EE150A81BDF14510034258E /* DJAssetSelectionDelegate.h */,
				9EE150A51BDF121B0034258E /* DJAsset.h */,
				9EE150A61BDF121B0034258E /* DJAsset.m */,
				9EE150AC1BE4B2B60034258E /* DJAssetPicker.h */,
				9EE150AD1BE4B2B60034258E /* DJAssetPicker.m */,
				9EE150AF1BE5B6190034258E /* DJAssetCell.h */,
				9EE150B01BE5B6190034258E /* DJAssetCell.m */,
				9EE150B31BE6798C0034258E /* DJImagePickerController.h */,
				9EE150B41BE6798C0034258E /* DJImagePickerController.m */,
			);
			name = ImagePicker;
			sourceTree = "<group>";
		};
		9EE150B21BE675D10034258E /* ContentsModel */ = {
			isa = PBXGroup;
			children = (
				9EE1505F1BCDEFAF0034258E /* DJContents.m */,
				9EE1505E1BCDEFAF0034258E /* DJContents.h */,
				9EE150691BCF78EF0034258E /* DJContentsManager.h */,
				9EE1506A1BCF78EF0034258E /* DJContentsManager.m */,
				9EE150611BCDFF660034258E /* Danji.h */,
				9EE150621BCDFF660034258E /* Danji.m */,
			);
			name = ContentsModel;
			sourceTree = "<group>";
		};
		9EE2B2831BC509FE003B929E /* Frameworks */ = {
			isa = PBXGroup;
			children = (
				9EE2B2811BC50817003B929E /* libsqlite3.dylib */,
				9EE2B27F1BC507CC003B929E /* libz.dylib */,
				9EE2B27D1BC507BC003B929E /* SystemConfiguration.framework */,
				9EE2B27B1BC507AD003B929E /* StoreKit.framework */,
				9EE2B2791BC507A2003B929E /* Security.framework */,
				9EE2B2771BC50796003B929E /* QuartzCore.framework */,
				9EE2B2751BC50789003B929E /* CoreLocation.framework */,
				9EE2B2731BC50781003B929E /* CoreGraphics.framework */,
				9EE2B2711BC50770003B929E /* CFNetwork.framework */,
				9EE2B26F1BC50754003B929E /* AudioToolbox.framework */,
				9EE2B26D1BC5064F003B929E /* Parse.framework */,
				9EE2B26B1BC5063F003B929E /* Bolts.framework */,
			);
			name = Frameworks;
			sourceTree = "<group>";
		};
/* End PBXGroup section */

/* Begin PBXNativeTarget section */
		9E4E42FE1BC11A40006FB05E /* Danji */ = {
			isa = PBXNativeTarget;
			buildConfigurationList = 9E4E43221BC11A40006FB05E /* Build configuration list for PBXNativeTarget "Danji" */;
			buildPhases = (
				9E4E42FB1BC11A40006FB05E /* Sources */,
				9E4E42FC1BC11A40006FB05E /* Frameworks */,
				9E4E42FD1BC11A40006FB05E /* Resources */,
			);
			buildRules = (
			);
			dependencies = (
			);
			name = Danji;
			productName = Danji;
			productReference = 9E4E42FF1BC11A40006FB05E /* Danji.app */;
			productType = "com.apple.product-type.application";
		};
		9E4E43171BC11A40006FB05E /* DanjiTests */ = {
			isa = PBXNativeTarget;
			buildConfigurationList = 9E4E43251BC11A40006FB05E /* Build configuration list for PBXNativeTarget "DanjiTests" */;
			buildPhases = (
				9E4E43141BC11A40006FB05E /* Sources */,
				9E4E43151BC11A40006FB05E /* Frameworks */,
				9E4E43161BC11A40006FB05E /* Resources */,
			);
			buildRules = (
			);
			dependencies = (
				9E4E431A1BC11A40006FB05E /* PBXTargetDependency */,
			);
			name = DanjiTests;
			productName = DanjiTests;
			productReference = 9E4E43181BC11A40006FB05E /* DanjiTests.xctest */;
			productType = "com.apple.product-type.bundle.unit-test";
		};
/* End PBXNativeTarget section */

/* Begin PBXProject section */
		9E4E42F71BC11A40006FB05E /* Project object */ = {
			isa = PBXProject;
			attributes = {
				LastUpgradeCheck = 0640;
				ORGANIZATIONNAME = miyaeyo;
				TargetAttributes = {
					9E4E42FE1BC11A40006FB05E = {
						CreatedOnToolsVersion = 6.4;
					};
					9E4E43171BC11A40006FB05E = {
						CreatedOnToolsVersion = 6.4;
						TestTargetID = 9E4E42FE1BC11A40006FB05E;
					};
				};
			};
			buildConfigurationList = 9E4E42FA1BC11A40006FB05E /* Build configuration list for PBXProject "Danji" */;
			compatibilityVersion = "Xcode 3.2";
			developmentRegion = English;
			hasScannedForEncodings = 0;
			knownRegions = (
				en,
				Base,
			);
			mainGroup = 9E4E42F61BC11A40006FB05E;
			productRefGroup = 9E4E43001BC11A40006FB05E /* Products */;
			projectDirPath = "";
			projectRoot = "";
			targets = (
				9E4E42FE1BC11A40006FB05E /* Danji */,
				9E4E43171BC11A40006FB05E /* DanjiTests */,
			);
		};
/* End PBXProject section */

/* Begin PBXResourcesBuildPhase section */
		9E4E42FD1BC11A40006FB05E /* Resources */ = {
			isa = PBXResourcesBuildPhase;
			buildActionMask = 2147483647;
			files = (
				9E4E43481BC2794C006FB05E /* danji.png in Resources */,
				9E4E430E1BC11A40006FB05E /* Main.storyboard in Resources */,
				9E4E43131BC11A40006FB05E /* LaunchScreen.xib in Resources */,
				9EE2B2871BC51E73003B929E /* launch.png in Resources */,
				9E4E43101BC11A40006FB05E /* Images.xcassets in Resources */,
			);
			runOnlyForDeploymentPostprocessing = 0;
		};
		9E4E43161BC11A40006FB05E /* Resources */ = {
			isa = PBXResourcesBuildPhase;
			buildActionMask = 2147483647;
			files = (
			);
			runOnlyForDeploymentPostprocessing = 0;
		};
/* End PBXResourcesBuildPhase section */

/* Begin PBXSourcesBuildPhase section */
		9E4E42FB1BC11A40006FB05E /* Sources */ = {
			isa = PBXSourcesBuildPhase;
			buildActionMask = 2147483647;
			files = (
				9EE1506B1BCF78EF0034258E /* DJContentsManager.m in Sources */,
				9EE150961BD885030034258E /* DJDialogWriteController.m in Sources */,
				9EE150AE1BE4B2B60034258E /* DJAssetPicker.m in Sources */,
				9EE150A71BDF121B0034258E /* DJAsset.m in Sources */,
				9EE1509C1BD88A110034258E /* DJDialogInputCell.m in Sources */,
				9E4E43361BC1764B006FB05E /* DJSearchViewController.m in Sources */,
				9EE150991BD8868C0034258E /* DJParagraphWriteController.m in Sources */,
				9EE150661BCE02540034258E /* DJContentsViewCell.m in Sources */,
				9EE150A31BDF11560034258E /* DJAlbumPickerController.m in Sources */,
				9EE150B51BE6798C0034258E /* DJImagePickerController.m in Sources */,
				9EE150B11BE5B6190034258E /* DJAssetCell.m in Sources */,
				9EE2B28C1BCB4CD4003B929E /* DJLoginViewController.m in Sources */,
				9EE150741BD3F73C0034258E /* DJSearchDetailViewController.m in Sources */,
				9E96149C1BCB9C0900D14B1E /* DJWriteViewController.m in Sources */,
				9EE150601BCDEFAF0034258E /* DJContents.m in Sources */,
				9EE150861BD498EC0034258E /* DJPopularContentsCell.m in Sources */,
				9E96149F1BCBA9CD00D14B1E /* DJSignupViewController.m in Sources */,
				9E4E43081BC11A40006FB05E /* AppDelegate.m in Sources */,
				9E4E43051BC11A40006FB05E /* main.m in Sources */,
				9EE1508A1BD62A9D0034258E /* DJSearchResultsController.m in Sources */,
				9EE150631BCDFF660034258E /* Danji.m in Sources */,
				9E4E43331BC1763C006FB05E /* DJHomeViewController.m in Sources */,
				9EE150901BD639A40034258E /* DJSearchResultsCell.m in Sources */,
			);
			runOnlyForDeploymentPostprocessing = 0;
		};
		9E4E43141BC11A40006FB05E /* Sources */ = {
			isa = PBXSourcesBuildPhase;
			buildActionMask = 2147483647;
			files = (
				9E4E431F1BC11A40006FB05E /* DanjiTests.m in Sources */,
			);
			runOnlyForDeploymentPostprocessing = 0;
		};
/* End PBXSourcesBuildPhase section */

/* Begin PBXTargetDependency section */
		9E4E431A1BC11A40006FB05E /* PBXTargetDependency */ = {
			isa = PBXTargetDependency;
			target = 9E4E42FE1BC11A40006FB05E /* Danji */;
			targetProxy = 9E4E43191BC11A40006FB05E /* PBXContainerItemProxy */;
		};
/* End PBXTargetDependency section */

/* Begin PBXVariantGroup section */
		9E4E430C1BC11A40006FB05E /* Main.storyboard */ = {
			isa = PBXVariantGroup;
			children = (
				9E4E430D1BC11A40006FB05E /* Base */,
			);
			name = Main.storyboard;
			sourceTree = "<group>";
		};
		9E4E43111BC11A40006FB05E /* LaunchScreen.xib */ = {
			isa = PBXVariantGroup;
			children = (
				9E4E43121BC11A40006FB05E /* Base */,
			);
			name = LaunchScreen.xib;
			sourceTree = "<group>";
		};
/* End PBXVariantGroup section */

/* Begin XCBuildConfiguration section */
		9E4E43201BC11A40006FB05E /* Debug */ = {
			isa = XCBuildConfiguration;
			buildSettings = {
				ALWAYS_SEARCH_USER_PATHS = NO;
				CLANG_CXX_LANGUAGE_STANDARD = "gnu++0x";
				CLANG_CXX_LIBRARY = "libc++";
				CLANG_ENABLE_MODULES = YES;
				CLANG_ENABLE_OBJC_ARC = YES;
				CLANG_WARN_BOOL_CONVERSION = YES;
				CLANG_WARN_CONSTANT_CONVERSION = YES;
				CLANG_WARN_DIRECT_OBJC_ISA_USAGE = YES_ERROR;
				CLANG_WARN_EMPTY_BODY = YES;
				CLANG_WARN_ENUM_CONVERSION = YES;
				CLANG_WARN_INT_CONVERSION = YES;
				CLANG_WARN_OBJC_ROOT_CLASS = YES_ERROR;
				CLANG_WARN_UNREACHABLE_CODE = YES;
				CLANG_WARN__DUPLICATE_METHOD_MATCH = YES;
				"CODE_SIGN_IDENTITY[sdk=iphoneos*]" = "iPhone Developer";
				COPY_PHASE_STRIP = NO;
				DEBUG_INFORMATION_FORMAT = "dwarf-with-dsym";
				ENABLE_STRICT_OBJC_MSGSEND = YES;
				GCC_C_LANGUAGE_STANDARD = gnu99;
				GCC_DYNAMIC_NO_PIC = NO;
				GCC_NO_COMMON_BLOCKS = YES;
				GCC_OPTIMIZATION_LEVEL = 0;
				GCC_PREPROCESSOR_DEFINITIONS = (
					"DEBUG=1",
					"$(inherited)",
				);
				GCC_SYMBOLS_PRIVATE_EXTERN = NO;
				GCC_WARN_64_TO_32_BIT_CONVERSION = YES;
				GCC_WARN_ABOUT_RETURN_TYPE = YES_ERROR;
				GCC_WARN_UNDECLARED_SELECTOR = YES;
				GCC_WARN_UNINITIALIZED_AUTOS = YES_AGGRESSIVE;
				GCC_WARN_UNUSED_FUNCTION = YES;
				GCC_WARN_UNUSED_VARIABLE = YES;
				IPHONEOS_DEPLOYMENT_TARGET = 8.4;
				MTL_ENABLE_DEBUG_INFO = YES;
				ONLY_ACTIVE_ARCH = YES;
				SDKROOT = iphoneos;
				TARGETED_DEVICE_FAMILY = "1,2";
			};
			name = Debug;
		};
		9E4E43211BC11A40006FB05E /* Release */ = {
			isa = XCBuildConfiguration;
			buildSettings = {
				ALWAYS_SEARCH_USER_PATHS = NO;
				CLANG_CXX_LANGUAGE_STANDARD = "gnu++0x";
				CLANG_CXX_LIBRARY = "libc++";
				CLANG_ENABLE_MODULES = YES;
				CLANG_ENABLE_OBJC_ARC = YES;
				CLANG_WARN_BOOL_CONVERSION = YES;
				CLANG_WARN_CONSTANT_CONVERSION = YES;
				CLANG_WARN_DIRECT_OBJC_ISA_USAGE = YES_ERROR;
				CLANG_WARN_EMPTY_BODY = YES;
				CLANG_WARN_ENUM_CONVERSION = YES;
				CLANG_WARN_INT_CONVERSION = YES;
				CLANG_WARN_OBJC_ROOT_CLASS = YES_ERROR;
				CLANG_WARN_UNREACHABLE_CODE = YES;
				CLANG_WARN__DUPLICATE_METHOD_MATCH = YES;
				"CODE_SIGN_IDENTITY[sdk=iphoneos*]" = "iPhone Developer";
				COPY_PHASE_STRIP = NO;
				DEBUG_INFORMATION_FORMAT = "dwarf-with-dsym";
				ENABLE_NS_ASSERTIONS = NO;
				ENABLE_STRICT_OBJC_MSGSEND = YES;
				GCC_C_LANGUAGE_STANDARD = gnu99;
				GCC_NO_COMMON_BLOCKS = YES;
				GCC_WARN_64_TO_32_BIT_CONVERSION = YES;
				GCC_WARN_ABOUT_RETURN_TYPE = YES_ERROR;
				GCC_WARN_UNDECLARED_SELECTOR = YES;
				GCC_WARN_UNINITIALIZED_AUTOS = YES_AGGRESSIVE;
				GCC_WARN_UNUSED_FUNCTION = YES;
				GCC_WARN_UNUSED_VARIABLE = YES;
				IPHONEOS_DEPLOYMENT_TARGET = 8.4;
				MTL_ENABLE_DEBUG_INFO = NO;
				SDKROOT = iphoneos;
				TARGETED_DEVICE_FAMILY = "1,2";
				VALIDATE_PRODUCT = YES;
			};
			name = Release;
		};
		9E4E43231BC11A40006FB05E /* Debug */ = {
			isa = XCBuildConfiguration;
			buildSettings = {
				ASSETCATALOG_COMPILER_APPICON_NAME = AppIcon;
				FRAMEWORK_SEARCH_PATHS = (
					"$(inherited)",
					"$(PROJECT_DIR)",
				);
				INFOPLIST_FILE = Danji/Info.plist;
				LD_RUNPATH_SEARCH_PATHS = "$(inherited) @executable_path/Frameworks";
				PRODUCT_NAME = "$(TARGET_NAME)";
			};
			name = Debug;
		};
		9E4E43241BC11A40006FB05E /* Release */ = {
			isa = XCBuildConfiguration;
			buildSettings = {
				ASSETCATALOG_COMPILER_APPICON_NAME = AppIcon;
				FRAMEWORK_SEARCH_PATHS = (
					"$(inherited)",
					"$(PROJECT_DIR)",
				);
				INFOPLIST_FILE = Danji/Info.plist;
				LD_RUNPATH_SEARCH_PATHS = "$(inherited) @executable_path/Frameworks";
				PRODUCT_NAME = "$(TARGET_NAME)";
			};
			name = Release;
		};
		9E4E43261BC11A40006FB05E /* Debug */ = {
			isa = XCBuildConfiguration;
			buildSettings = {
				BUNDLE_LOADER = "$(TEST_HOST)";
				FRAMEWORK_SEARCH_PATHS = (
					"$(SDKROOT)/Developer/Library/Frameworks",
					"$(inherited)",
				);
				GCC_PREPROCESSOR_DEFINITIONS = (
					"DEBUG=1",
					"$(inherited)",
				);
				INFOPLIST_FILE = DanjiTests/Info.plist;
				LD_RUNPATH_SEARCH_PATHS = "$(inherited) @executable_path/Frameworks @loader_path/Frameworks";
				PRODUCT_NAME = "$(TARGET_NAME)";
				TEST_HOST = "$(BUILT_PRODUCTS_DIR)/Danji.app/Danji";
			};
			name = Debug;
		};
		9E4E43271BC11A40006FB05E /* Release */ = {
			isa = XCBuildConfiguration;
			buildSettings = {
				BUNDLE_LOADER = "$(TEST_HOST)";
				FRAMEWORK_SEARCH_PATHS = (
					"$(SDKROOT)/Developer/Library/Frameworks",
					"$(inherited)",
				);
				INFOPLIST_FILE = DanjiTests/Info.plist;
				LD_RUNPATH_SEARCH_PATHS = "$(inherited) @executable_path/Frameworks @loader_path/Frameworks";
				PRODUCT_NAME = "$(TARGET_NAME)";
				TEST_HOST = "$(BUILT_PRODUCTS_DIR)/Danji.app/Danji";
			};
			name = Release;
		};
/* End XCBuildConfiguration section */

/* Begin XCConfigurationList section */
		9E4E42FA1BC11A40006FB05E /* Build configuration list for PBXProject "Danji" */ = {
			isa = XCConfigurationList;
			buildConfigurations = (
				9E4E43201BC11A40006FB05E /* Debug */,
				9E4E43211BC11A40006FB05E /* Release */,
			);
			defaultConfigurationIsVisible = 0;
			defaultConfigurationName = Release;
		};
		9E4E43221BC11A40006FB05E /* Build configuration list for PBXNativeTarget "Danji" */ = {
			isa = XCConfigurationList;
			buildConfigurations = (
				9E4E43231BC11A40006FB05E /* Debug */,
				9E4E43241BC11A40006FB05E /* Release */,
			);
			defaultConfigurationIsVisible = 0;
			defaultConfigurationName = Release;
		};
		9E4E43251BC11A40006FB05E /* Build configuration list for PBXNativeTarget "DanjiTests" */ = {
			isa = XCConfigurationList;
			buildConfigurations = (
				9E4E43261BC11A40006FB05E /* Debug */,
				9E4E43271BC11A40006FB05E /* Release */,
			);
			defaultConfigurationIsVisible = 0;
			defaultConfigurationName = Release;
		};
/* End XCConfigurationList section */
	};
	rootObject = 9E4E42F71BC11A40006FB05E /* Project object */;
}
